
Microsoft Visual Studio Solution File, Format Version 12.00
# Visual Studio 14
VisualStudioVersion = 14.0.24720.0
MinimumVisualStudioVersion = 10.0.40219.1
Project("{2150E333-8FDC-42A3-9474-1A3956D46DE8}") = "Architecture", "Architecture", "{E569C50F-4EF6-43CD-917F-9F853504A93C}"
	ProjectSection(SolutionItems) = preProject
		Unity.md = Unity.md
	EndProjectSection
EndProject
Project("{2150E333-8FDC-42A3-9474-1A3956D46DE8}") = "Source Control", "Source Control", "{99410B79-DCF2-430E-A135-8F683202BE81}"
	ProjectSection(SolutionItems) = preProject
		Git.md = Git.md
	EndProjectSection
EndProject
Project("{2150E333-8FDC-42A3-9474-1A3956D46DE8}") = "Unit Testing", "Unit Testing", "{047C3C69-E82C-4BD4-A473-2FE885A1EDED}"
	ProjectSection(SolutionItems) = preProject
		Integration-Testing.md = Integration-Testing.md
		Moq.md = Moq.md
	EndProjectSection
EndProject
Project("{2150E333-8FDC-42A3-9474-1A3956D46DE8}") = "ASP.NET Core", "ASP.NET Core", "{6BE63FA5-D576-42DC-A31C-0216C4F87BAB}"
EndProject
Project("{2150E333-8FDC-42A3-9474-1A3956D46DE8}") = "Xamarin", "Xamarin", "{F62C5925-D540-4EFE-ADB4-CB37184019FB}"
	ProjectSection(SolutionItems) = preProject
		Xamarin.Android.md = Xamarin.Android.md
	EndProjectSection
EndProject
Project("{2150E333-8FDC-42A3-9474-1A3956D46DE8}") = "Javascript", "Javascript", "{AA0CF48B-55F1-4477-BD34-9359ABD7A398}"
EndProject
Project("{2150E333-8FDC-42A3-9474-1A3956D46DE8}") = "Jquery", "Jquery", "{7C06F4C9-AA32-49C0-AF2D-4D954EA692E3}"
	ProjectSection(SolutionItems) = preProject
		JQuery.md = JQuery.md
	EndProjectSection
EndProject
Project("{2150E333-8FDC-42A3-9474-1A3956D46DE8}") = "CSharp", "CSharp", "{BA07ECE9-A3F4-4506-BBE3-AB273E308C17}"
	ProjectSection(SolutionItems) = preProject
		Linq.md = Linq.md
	EndProjectSection
EndProject
Project("{2150E333-8FDC-42A3-9474-1A3956D46DE8}") = "SQL", "SQL", "{48CCB661-6954-4197-9602-952DAE2E4457}"
	ProjectSection(SolutionItems) = preProject
		SQL.md = SQL.md
	EndProjectSection
EndProject
Project("{2150E333-8FDC-42A3-9474-1A3956D46DE8}") = "Tools", "Tools", "{368E83ED-3166-47AF-879D-1224863D849A}"
	ProjectSection(SolutionItems) = preProject
		Resharper.md = Resharper.md
	EndProjectSection
EndProject
Global
	GlobalSection(SolutionProperties) = preSolution
		HideSolutionNode = FALSE
	EndGlobalSection
EndGlobal
