
Microsoft Visual Studio Solution File, Format Version 12.00
# Visual Studio 14
VisualStudioVersion = 14.0.25123.0
MinimumVisualStudioVersion = 10.0.40219.1
Project("{2150E333-8FDC-42A3-9474-1A3956D46DE8}") = "Architecture", "Architecture", "{E569C50F-4EF6-43CD-917F-9F853504A93C}"
	ProjectSection(SolutionItems) = preProject
		cheatsheets\Code Review Cheat Sheet.md = cheatsheets\Code Review Cheat Sheet.md
		cheatsheets\Unity Cheat Sheet.md = cheatsheets\Unity Cheat Sheet.md
	EndProjectSection
EndProject
Project("{2150E333-8FDC-42A3-9474-1A3956D46DE8}") = "Source Control", "Source Control", "{99410B79-DCF2-430E-A135-8F683202BE81}"
	ProjectSection(SolutionItems) = preProject
		cheatsheets\Code Review Cheat Sheet.md = cheatsheets\Code Review Cheat Sheet.md
		cheatsheets\Git Cheat Sheet.md = cheatsheets\Git Cheat Sheet.md
	EndProjectSection
EndProject
Project("{2150E333-8FDC-42A3-9474-1A3956D46DE8}") = "Unit Testing", "Unit Testing", "{047C3C69-E82C-4BD4-A473-2FE885A1EDED}"
	ProjectSection(SolutionItems) = preProject
		cheatsheets\Integration Testing Guidelines.md = cheatsheets\Integration Testing Guidelines.md
		cheatsheets\Moq Cheat Sheet.md = cheatsheets\Moq Cheat Sheet.md
	EndProjectSection
EndProject
Project("{2150E333-8FDC-42A3-9474-1A3956D46DE8}") = "ASP.NET Core", "ASP.NET Core", "{6BE63FA5-D576-42DC-A31C-0216C4F87BAB}"
EndProject
Project("{2150E333-8FDC-42A3-9474-1A3956D46DE8}") = "Xamarin", "Xamarin", "{F62C5925-D540-4EFE-ADB4-CB37184019FB}"
EndProject
Project("{2150E333-8FDC-42A3-9474-1A3956D46DE8}") = "Javascript", "Javascript", "{AA0CF48B-55F1-4477-BD34-9359ABD7A398}"
EndProject
Project("{2150E333-8FDC-42A3-9474-1A3956D46DE8}") = "Jquery", "Jquery", "{7C06F4C9-AA32-49C0-AF2D-4D954EA692E3}"
EndProject
Project("{2150E333-8FDC-42A3-9474-1A3956D46DE8}") = "CSharp", "CSharp", "{BA07ECE9-A3F4-4506-BBE3-AB273E308C17}"
	ProjectSection(SolutionItems) = preProject
		Cheatsheets\Linq.md = Cheatsheets\Linq.md
	EndProjectSection
EndProject
Global
	GlobalSection(SolutionProperties) = preSolution
		HideSolutionNode = FALSE
	EndGlobalSection
EndGlobal
